// !$*UTF8*$!
{
	archiveVersion = 1;
	classes = {
	};
	objectVersion = 50;
	objects = {

/* Begin PBXBuildFile section */
		FA721D4D235747B200104F42 /* AppDelegate.m in Sources */ = {isa = PBXBuildFile; fileRef = FA721D4C235747B200104F42 /* AppDelegate.m */; };
		FA721D50235747B200104F42 /* ViewController.m in Sources */ = {isa = PBXBuildFile; fileRef = FA721D4F235747B200104F42 /* ViewController.m */; };
		FA721D53235747B200104F42 /* Main.storyboard in Resources */ = {isa = PBXBuildFile; fileRef = FA721D51235747B200104F42 /* Main.storyboard */; };
		FA721D55235747B600104F42 /* Assets.xcassets in Resources */ = {isa = PBXBuildFile; fileRef = FA721D54235747B600104F42 /* Assets.xcassets */; };
		FA721D58235747B600104F42 /* LaunchScreen.storyboard in Resources */ = {isa = PBXBuildFile; fileRef = FA721D56235747B600104F42 /* LaunchScreen.storyboard */; };
		FA721D5B235747B600104F42 /* main.m in Sources */ = {isa = PBXBuildFile; fileRef = FA721D5A235747B600104F42 /* main.m */; };
		FA721D64235C4F3E00104F42 /* TestObject.m in Sources */ = {isa = PBXBuildFile; fileRef = FA721D63235C4F3E00104F42 /* TestObject.m */; };
/* End PBXBuildFile section */

/* Begin PBXFileReference section */
		FA721D48235747B200104F42 /* MMTestPod.app */ = {isa = PBXFileReference; explicitFileType = wrapper.application; includeInIndex = 0; path = MMTestPod.app; sourceTree = BUILT_PRODUCTS_DIR; };
		FA721D4B235747B200104F42 /* AppDelegate.h */ = {isa = PBXFileReference; lastKnownFileType = sourcecode.c.h; path = AppDelegate.h; sourceTree = "<group>"; };
		FA721D4C235747B200104F42 /* AppDelegate.m */ = {isa = PBXFileReference; lastKnownFileType = sourcecode.c.objc; path = AppDelegate.m; sourceTree = "<group>"; };
		FA721D4E235747B200104F42 /* ViewController.h */ = {isa = PBXFileReference; lastKnownFileType = sourcecode.c.h; path = ViewController.h; sourceTree = "<group>"; };
		FA721D4F235747B200104F42 /* ViewController.m */ = {isa = PBXFileReference; lastKnownFileType = sourcecode.c.objc; path = ViewController.m; sourceTree = "<group>"; };
		FA721D52235747B200104F42 /* Base */ = {isa = PBXFileReference; lastKnownFileType = file.storyboard; name = Base; path = Base.lproj/Main.storyboard; sourceTree = "<group>"; };
		FA721D54235747B600104F42 /* Assets.xcassets */ = {isa = PBXFileReference; lastKnownFileType = folder.assetcatalog; path = Assets.xcassets; sourceTree = "<group>"; };
		FA721D57235747B600104F42 /* Base */ = {isa = PBXFileReference; lastKnownFileType = file.storyboard; name = Base; path = Base.lproj/LaunchScreen.storyboard; sourceTree = "<group>"; };
		FA721D59235747B600104F42 /* Info.plist */ = {isa = PBXFileReference; lastKnownFileType = text.plist.xml; path = Info.plist; sourceTree = "<group>"; };
		FA721D5A235747B600104F42 /* main.m */ = {isa = PBXFileReference; lastKnownFileType = sourcecode.c.objc; path = main.m; sourceTree = "<group>"; };
		FA721D62235C4F3E00104F42 /* TestObject.h */ = {isa = PBXFileReference; lastKnownFileType = sourcecode.c.h; path = TestObject.h; sourceTree = "<group>"; };
		FA721D63235C4F3E00104F42 /* TestObject.m */ = {isa = PBXFileReference; lastKnownFileType = sourcecode.c.objc; path = TestObject.m; sourceTree = "<group>"; };
/* End PBXFileReference section */

/* Begin PBXFrameworksBuildPhase section */
		FA721D45235747B200104F42 /* Frameworks */ = {
			isa = PBXFrameworksBuildPhase;
			buildActionMask = 2147483647;
			files = (
			);
			runOnlyForDeploymentPostprocessing = 0;
		};
/* End PBXFrameworksBuildPhase section */

/* Begin PBXGroup section */
		FA721D3F235747B200104F42 = {
			isa = PBXGroup;
			children = (
				FA721D4A235747B200104F42 /* MMTestPod */,
				FA721D49235747B200104F42 /* Products */,
			);
			sourceTree = "<group>";
		};
		FA721D49235747B200104F42 /* Products */ = {
			isa = PBXGroup;
			children = (
				FA721D48235747B200104F42 /* MMTestPod.app */,
			);
			name = Products;
			sourceTree = "<group>";
		};
		FA721D4A235747B200104F42 /* MMTestPod */ = {
			isa = PBXGroup;
			children = (
				FA721D61235C4F2D00104F42 /* MMTestPod */,
				FA721D4B235747B200104F42 /* AppDelegate.h */,
				FA721D4C235747B200104F42 /* AppDelegate.m */,
				FA721D4E235747B200104F42 /* ViewController.h */,
				FA721D4F235747B200104F42 /* ViewController.m */,
				FA721D51235747B200104F42 /* Main.storyboard */,
				FA721D54235747B600104F42 /* Assets.xcassets */,
				FA721D56235747B600104F42 /* LaunchScreen.storyboard */,
				FA721D59235747B600104F42 /* Info.plist */,
				FA721D5A235747B600104F42 /* main.m */,
			);
			path = MMTestPod;
			sourceTree = "<group>";
		};
		FA721D61235C4F2D00104F42 /* MMTestPod */ = {
			isa = PBXGroup;
			children = (
				FA721D62235C4F3E00104F42 /* TestObject.h */,
				FA721D63235C4F3E00104F42 /* TestObject.m */,
			);
			path = MMTestPod;
			sourceTree = "<group>";
		};
/* End PBXGroup section */

/* Begin PBXNativeTarget section */
		FA721D47235747B200104F42 /* MMTestPod */ = {
			isa = PBXNativeTarget;
			buildConfigurationList = FA721D5E235747B600104F42 /* Build configuration list for PBXNativeTarget "MMTestPod" */;
			buildPhases = (
				FA721D44235747B200104F42 /* Sources */,
				FA721D45235747B200104F42 /* Frameworks */,
				FA721D46235747B200104F42 /* Resources */,
			);
			buildRules = (
			);
			dependencies = (
			);
			name = MMTestPod;
			productName = MMTestPod;
			productReference = FA721D48235747B200104F42 /* MMTestPod.app */;
			productType = "com.apple.product-type.application";
		};
/* End PBXNativeTarget section */

/* Begin PBXProject section */
		FA721D40235747B200104F42 /* Project object */ = {
			isa = PBXProject;
			attributes = {
				LastUpgradeCheck = 1020;
				ORGANIZATIONNAME = Allan;
				TargetAttributes = {
					FA721D47235747B200104F42 = {
						CreatedOnToolsVersion = 10.2.1;
					};
				};
			};
			buildConfigurationList = FA721D43235747B200104F42 /* Build configuration list for PBXProject "MMTestPod" */;
			compatibilityVersion = "Xcode 9.3";
			developmentRegion = en;
			hasScannedForEncodings = 0;
			knownRegions = (
				en,
				Base,
			);
			mainGroup = FA721D3F235747B200104F42;
			productRefGroup = FA721D49235747B200104F42 /* Products */;
			projectDirPath = "";
			projectRoot = "";
			targets = (
				FA721D47235747B200104F42 /* MMTestPod */,
			);
		};
/* End PBXProject section */

/* Begin PBXResourcesBuildPhase section */
		FA721D46235747B200104F42 /* Resources */ = {
			isa = PBXResourcesBuildPhase;
			buildActionMask = 2147483647;
			files = (
				FA721D58235747B600104F42 /* LaunchScreen.storyboard in Resources */,
				FA721D55235747B600104F42 /* Assets.xcassets in Resources */,
				FA721D53235747B200104F42 /* Main.storyboard in Resources */,
			);
			runOnlyForDeploymentPostprocessing = 0;
		};
/* End PBXResourcesBuildPhase section */

/* Begin PBXSourcesBuildPhase section */
		FA721D44235747B200104F42 /* Sources */ = {
			isa = PBXSourcesBuildPhase;
			buildActionMask = 2147483647;
			files = (
				FA721D50235747B200104F42 /* ViewController.m in Sources */,
				FA721D5B235747B600104F42 /* main.m in Sources */,
				FA721D64235C4F3E00104F42 /* TestObject.m in Sources */,
				FA721D4D235747B200104F42 /* AppDelegate.m in Sources */,
			);
			runOnlyForDeploymentPostprocessing = 0;
		};
/* End PBXSourcesBuildPhase section */

/* Begin PBXVariantGroup section */
		FA721D51235747B200104F42 /* Main.storyboard */ = {
			isa = PBXVariantGroup;
			children = (
				FA721D52235747B200104F42 /* Base */,
			);
			name = Main.storyboard;
			sourceTree = "<group>";
		};
		FA721D56235747B600104F42 /* LaunchScreen.storyboard */ = {
			isa = PBXVariantGroup;
			children = (
				FA721D57235747B600104F42 /* Base */,
			);
			name = LaunchScreen.storyboard;
			sourceTree = "<group>";
		};
/* End PBXVariantGroup section */

/* Begin XCBuildConfiguration section */
		FA721D5C235747B600104F42 /* Debug */ = {
			isa = XCBuildConfiguration;
			buildSettings = {
				ALWAYS_SEARCH_USER_PATHS = NO;
				CLANG_ANALYZER_NONNULL = YES;
				CLANG_ANALYZER_NUMBER_OBJECT_CONVERSION = YES_AGGRESSIVE;
				CLANG_CXX_LANGUAGE_STANDARD = "gnu++14";
				CLANG_CXX_LIBRARY = "libc++";
				CLANG_ENABLE_MODULES = YES;
				CLANG_ENABLE_OBJC_ARC = YES;
				CLANG_ENABLE_OBJC_WEAK = YES;
				CLANG_WARN_BLOCK_CAPTURE_AUTORELEASING = YES;
				CLANG_WARN_BOOL_CONVERSION = YES;
				CLANG_WARN_COMMA = YES;
				CLANG_WARN_CONSTANT_CONVERSION = YES;
				CLANG_WARN_DEPRECATED_OBJC_IMPLEMENTATIONS = YES;
				CLANG_WARN_DIRECT_OBJC_ISA_USAGE = YES_ERROR;
				CLANG_WARN_DOCUMENTATION_COMMENTS = YES;
				CLANG_WARN_EMPTY_BODY = YES;
				CLANG_WARN_ENUM_CONVERSION = YES;
				CLANG_WARN_INFINITE_RECURSION = YES;
				CLANG_WARN_INT_CONVERSION = YES;
				CLANG_WARN_NON_LITERAL_NULL_CONVERSION = YES;
				CLANG_WARN_OBJC_IMPLICIT_RETAIN_SELF = YES;
				CLANG_WARN_OBJC_LITERAL_CONVERSION = YES;
				CLANG_WARN_OBJC_ROOT_CLASS = YES_ERROR;
				CLANG_WARN_RANGE_LOOP_ANALYSIS = YES;
				CLANG_WARN_STRICT_PROTOTYPES = YES;
				CLANG_WARN_SUSPICIOUS_MOVE = YES;
				CLANG_WARN_UNGUARDED_AVAILABILITY = YES_AGGRESSIVE;
				CLANG_WARN_UNREACHABLE_CODE = YES;
				CLANG_WARN__DUPLICATE_METHOD_MATCH = YES;
				CODE_SIGN_IDENTITY = "iPhone Developer";
				COPY_PHASE_STRIP = NO;
				DEBUG_INFORMATION_FORMAT = dwarf;
				ENABLE_STRICT_OBJC_MSGSEND = YES;
				ENABLE_TESTABILITY = YES;
				GCC_C_LANGUAGE_STANDARD = gnu11;
				GCC_DYNAMIC_NO_PIC = NO;
				GCC_NO_COMMON_BLOCKS = YES;
				GCC_OPTIMIZATION_LEVEL = 0;
				GCC_PREPROCESSOR_DEFINITIONS = (
					"DEBUG=1",
					"$(inherited)",
				);
				GCC_WARN_64_TO_32_BIT_CONVERSION = YES;
				GCC_WARN_ABOUT_RETURN_TYPE = YES_ERROR;
				GCC_WARN_UNDECLARED_SELECTOR = YES;
				GCC_WARN_UNINITIALIZED_AUTOS = YES_AGGRESSIVE;
				GCC_WARN_UNUSED_FUNCTION = YES;
				GCC_WARN_UNUSED_VARIABLE = YES;
				IPHONEOS_DEPLOYMENT_TARGET = 12.2;
				MTL_ENABLE_DEBUG_INFO = INCLUDE_SOURCE;
				MTL_FAST_MATH = YES;
				ONLY_ACTIVE_ARCH = YES;
				SDKROOT = iphoneos;
			};
			name = Debug;
		};
		FA721D5D235747B600104F42 /* Release */ = {
			isa = XCBuildConfiguration;
			buildSettings = {
				ALWAYS_SEARCH_USER_PATHS = NO;
				CLANG_ANALYZER_NONNULL = YES;
				CLANG_ANALYZER_NUMBER_OBJECT_CONVERSION = YES_AGGRESSIVE;
				CLANG_CXX_LANGUAGE_STANDARD = "gnu++14";
				CLANG_CXX_LIBRARY = "libc++";
				CLANG_ENABLE_MODULES = YES;
				CLANG_ENABLE_OBJC_ARC = YES;
				CLANG_ENABLE_OBJC_WEAK = YES;
				CLANG_WARN_BLOCK_CAPTURE_AUTORELEASING = YES;
				CLANG_WARN_BOOL_CONVERSION = YES;
				CLANG_WARN_COMMA = YES;
				CLANG_WARN_CONSTANT_CONVERSION = YES;
				CLANG_WARN_DEPRECATED_OBJC_IMPLEMENTATIONS = YES;
				CLANG_WARN_DIRECT_OBJC_ISA_USAGE = YES_ERROR;
				CLANG_WARN_DOCUMENTATION_COMMENTS = YES;
				CLANG_WARN_EMPTY_BODY = YES;
				CLANG_WARN_ENUM_CONVERSION = YES;
				CLANG_WARN_INFINITE_RECURSION = YES;
				CLANG_WARN_INT_CONVERSION = YES;
				CLANG_WARN_NON_LITERAL_NULL_CONVERSION = YES;
				CLANG_WARN_OBJC_IMPLICIT_RETAIN_SELF = YES;
				CLANG_WARN_OBJC_LITERAL_CONVERSION = YES;
				CLANG_WARN_OBJC_ROOT_CLASS = YES_ERROR;
				CLANG_WARN_RANGE_LOOP_ANALYSIS = YES;
				CLANG_WARN_STRICT_PROTOTYPES = YES;
				CLANG_WARN_SUSPICIOUS_MOVE = YES;
				CLANG_WARN_UNGUARDED_AVAILABILITY = YES_AGGRESSIVE;
				CLANG_WARN_UNREACHABLE_CODE = YES;
				CLANG_WARN__DUPLICATE_METHOD_MATCH = YES;
				CODE_SIGN_IDENTITY = "iPhone Developer";
				COPY_PHASE_STRIP = NO;
				DEBUG_INFORMATION_FORMAT = "dwarf-with-dsym";
				ENABLE_NS_ASSERTIONS = NO;
				ENABLE_STRICT_OBJC_MSGSEND = YES;
				GCC_C_LANGUAGE_STANDARD = gnu11;
				GCC_NO_COMMON_BLOCKS = YES;
				GCC_WARN_64_TO_32_BIT_CONVERSION = YES;
				GCC_WARN_ABOUT_RETURN_TYPE = YES_ERROR;
				GCC_WARN_UNDECLARED_SELECTOR = YES;
				GCC_WARN_UNINITIALIZED_AUTOS = YES_AGGRESSIVE;
				GCC_WARN_UNUSED_FUNCTION = YES;
				GCC_WARN_UNUSED_VARIABLE = YES;
				IPHONEOS_DEPLOYMENT_TARGET = 12.2;
				MTL_ENABLE_DEBUG_INFO = NO;
				MTL_FAST_MATH = YES;
				SDKROOT = iphoneos;
				VALIDATE_PRODUCT = YES;
			};
			name = Release;
		};
		FA721D5F235747B600104F42 /* Debug */ = {
			isa = XCBuildConfiguration;
			buildSettings = {
				ASSETCATALOG_COMPILER_APPICON_NAME = AppIcon;
				CODE_SIGN_STYLE = Manual;
				DEVELOPMENT_TEAM = "";
				INFOPLIST_FILE = MMTestPod/Info.plist;
				LD_RUNPATH_SEARCH_PATHS = (
					"$(inherited)",
					"@executable_path/Frameworks",
				);
				PRODUCT_BUNDLE_IDENTIFIER = com.zlmg.MMTestPod;
				PRODUCT_NAME = "$(TARGET_NAME)";
				PROVISIONING_PROFILE_SPECIFIER = "";
				TARGETED_DEVICE_FAMILY = "1,2";
			};
			name = Debug;
		};
		FA721D60235747B600104F42 /* Release */ = {
			isa = XCBuildConfiguration;
			buildSettings = {
				ASSETCATALOG_COMPILER_APPICON_NAME = AppIcon;
				CODE_SIGN_STYLE = Manual;
				DEVELOPMENT_TEAM = "";
				INFOPLIST_FILE = MMTestPod/Info.plist;
				LD_RUNPATH_SEARCH_PATHS = (
					"$(inherited)",
					"@executable_path/Frameworks",
				);
				PRODUCT_BUNDLE_IDENTIFIER = com.zlmg.MMTestPod;
				PRODUCT_NAME = "$(TARGET_NAME)";
				PROVISIONING_PROFILE_SPECIFIER = "";
				TARGETED_DEVICE_FAMILY = "1,2";
			};
			name = Release;
		};
/* End XCBuildConfiguration section */

/* Begin XCConfigurationList section */
		FA721D43235747B200104F42 /* Build configuration list for PBXProject "MMTestPod" */ = {
			isa = XCConfigurationList;
			buildConfigurations = (
				FA721D5C235747B600104F42 /* Debug */,
				FA721D5D235747B600104F42 /* Release */,
			);
			defaultConfigurationIsVisible = 0;
			defaultConfigurationName = Release;
		};
		FA721D5E235747B600104F42 /* Build configuration list for PBXNativeTarget "MMTestPod" */ = {
			isa = XCConfigurationList;
			buildConfigurations = (
				FA721D5F235747B600104F42 /* Debug */,
				FA721D60235747B600104F42 /* Release */,
			);
			defaultConfigurationIsVisible = 0;
			defaultConfigurationName = Release;
		};
/* End XCConfigurationList section */
	};
	rootObject = FA721D40235747B200104F42 /* Project object */;
}
